// !$*UTF8*$!
{
	archiveVersion = 1;
	classes = {
	};
	objectVersion = 77;
	objects = {

/* Begin PBXBuildFile section */
		804F1FA52E2EECFD00F6B350 /* AppDelegate.swift in Sources */ = {isa = PBXBuildFile; fileRef = 804F1F9A2E2EECFD00F6B350 /* AppDelegate.swift */; };
		804F1FA62E2EECFD00F6B350 /* SceneDelegate.swift in Sources */ = {isa = PBXBuildFile; fileRef = 804F1FA12E2EECFD00F6B350 /* SceneDelegate.swift */; };
		804F1FA72E2EECFD00F6B350 /* TransactionsView.swift in Sources */ = {isa = PBXBuildFile; fileRef = 804F1FA22E2EECFD00F6B350 /* TransactionsView.swift */; };
		804F1FA82E2EECFD00F6B350 /* ViewController.swift in Sources */ = {isa = PBXBuildFile; fileRef = 804F1FA32E2EECFD00F6B350 /* ViewController.swift */; };
		804F1FA92E2EECFD00F6B350 /* Assets.xcassets in Resources */ = {isa = PBXBuildFile; fileRef = 804F1F9B2E2EECFD00F6B350 /* Assets.xcassets */; };
		804F1FAB2E2EECFD00F6B350 /* LaunchScreen.storyboard in Resources */ = {isa = PBXBuildFile; fileRef = 804F1F9E2E2EECFD00F6B350 /* LaunchScreen.storyboard */; };
		804F1FAC2E2EECFD00F6B350 /* Main.storyboard in Resources */ = {isa = PBXBuildFile; fileRef = 804F1FA02E2EECFD00F6B350 /* Main.storyboard */; };
		804F1FAE2E2EED1B00F6B350 /* Transaction.swift in Sources */ = {isa = PBXBuildFile; fileRef = 804F1FAD2E2EED1000F6B350 /* Transaction.swift */; };
		804F1FB82E2EED8D00F6B350 /* TransactionResponse.swift in Sources */ = {isa = PBXBuildFile; fileRef = 804F1FB72E2EED8000F6B350 /* TransactionResponse.swift */; };
		804F1FBA2E2EED9600F6B350 /* Record.swift in Sources */ = {isa = PBXBuildFile; fileRef = 804F1FB92E2EED9300F6B350 /* Record.swift */; };
		804F1FBC2E2EEE0E00F6B350 /* TransactionCell.swift in Sources */ = {isa = PBXBuildFile; fileRef = 804F1FBB2E2EEE0600F6B350 /* TransactionCell.swift */; };
		804F1FBE2E2EF3D600F6B350 /* DashboardView.swift in Sources */ = {isa = PBXBuildFile; fileRef = 804F1FBD2E2EF3D100F6B350 /* DashboardView.swift */; };
		804F1FC02E2EF3E900F6B350 /* DashboardViewModel.swift in Sources */ = {isa = PBXBuildFile; fileRef = 804F1FBF2E2EF3E500F6B350 /* DashboardViewModel.swift */; };
		804F1FC32E2EF8C800F6B350 /* TransactionsViewModel.swift in Sources */ = {isa = PBXBuildFile; fileRef = 804F1FC22E2EF8C300F6B350 /* TransactionsViewModel.swift */; };
/* End PBXBuildFile section */

/* Begin PBXContainerItemProxy section */
		804F1F472E2EE55A00F6B350 /* PBXContainerItemProxy */ = {
			isa = PBXContainerItemProxy;
			containerPortal = 804F1F282E2EE55900F6B350 /* Project object */;
			proxyType = 1;
			remoteGlobalIDString = 804F1F2F2E2EE55900F6B350;
			remoteInfo = Reto_BBVA_PedroF;
		};
		804F1F512E2EE55A00F6B350 /* PBXContainerItemProxy */ = {
			isa = PBXContainerItemProxy;
			containerPortal = 804F1F282E2EE55900F6B350 /* Project object */;
			proxyType = 1;
			remoteGlobalIDString = 804F1F2F2E2EE55900F6B350;
			remoteInfo = Reto_BBVA_PedroF;
		};
/* End PBXContainerItemProxy section */

/* Begin PBXFileReference section */
		804F1F302E2EE55900F6B350 /* Reto_BBVA_PedroF.app */ = {isa = PBXFileReference; explicitFileType = wrapper.application; includeInIndex = 0; path = Reto_BBVA_PedroF.app; sourceTree = BUILT_PRODUCTS_DIR; };
		804F1F462E2EE55A00F6B350 /* Reto_BBVA_PedroFTests.xctest */ = {isa = PBXFileReference; explicitFileType = wrapper.cfbundle; includeInIndex = 0; path = Reto_BBVA_PedroFTests.xctest; sourceTree = BUILT_PRODUCTS_DIR; };
		804F1F502E2EE55A00F6B350 /* Reto_BBVA_PedroFUITests.xctest */ = {isa = PBXFileReference; explicitFileType = wrapper.cfbundle; includeInIndex = 0; path = Reto_BBVA_PedroFUITests.xctest; sourceTree = BUILT_PRODUCTS_DIR; };
		804F1F9A2E2EECFD00F6B350 /* AppDelegate.swift */ = {isa = PBXFileReference; lastKnownFileType = sourcecode.swift; path = AppDelegate.swift; sourceTree = "<group>"; };
		804F1F9B2E2EECFD00F6B350 /* Assets.xcassets */ = {isa = PBXFileReference; lastKnownFileType = folder.assetcatalog; path = Assets.xcassets; sourceTree = "<group>"; };
		804F1F9C2E2EECFD00F6B350 /* Info.plist */ = {isa = PBXFileReference; lastKnownFileType = text.plist.xml; path = Info.plist; sourceTree = "<group>"; };
		804F1F9D2E2EECFD00F6B350 /* Base */ = {isa = PBXFileReference; lastKnownFileType = file.storyboard; name = Base; path = Base.lproj/LaunchScreen.storyboard; sourceTree = "<group>"; };
		804F1F9F2E2EECFD00F6B350 /* Base */ = {isa = PBXFileReference; lastKnownFileType = file.storyboard; name = Base; path = Base.lproj/Main.storyboard; sourceTree = "<group>"; };
		804F1FA12E2EECFD00F6B350 /* SceneDelegate.swift */ = {isa = PBXFileReference; lastKnownFileType = sourcecode.swift; path = SceneDelegate.swift; sourceTree = "<group>"; };
		804F1FA22E2EECFD00F6B350 /* TransactionsView.swift */ = {isa = PBXFileReference; lastKnownFileType = sourcecode.swift; path = TransactionsView.swift; sourceTree = "<group>"; };
		804F1FA32E2EECFD00F6B350 /* ViewController.swift */ = {isa = PBXFileReference; lastKnownFileType = sourcecode.swift; path = ViewController.swift; sourceTree = "<group>"; };
		804F1FAD2E2EED1000F6B350 /* Transaction.swift */ = {isa = PBXFileReference; lastKnownFileType = sourcecode.swift; path = Transaction.swift; sourceTree = "<group>"; };
		804F1FB72E2EED8000F6B350 /* TransactionResponse.swift */ = {isa = PBXFileReference; lastKnownFileType = sourcecode.swift; path = TransactionResponse.swift; sourceTree = "<group>"; };
		804F1FB92E2EED9300F6B350 /* Record.swift */ = {isa = PBXFileReference; lastKnownFileType = sourcecode.swift; path = Record.swift; sourceTree = "<group>"; };
		804F1FBB2E2EEE0600F6B350 /* TransactionCell.swift */ = {isa = PBXFileReference; lastKnownFileType = sourcecode.swift; path = TransactionCell.swift; sourceTree = "<group>"; };
		804F1FBD2E2EF3D100F6B350 /* DashboardView.swift */ = {isa = PBXFileReference; lastKnownFileType = sourcecode.swift; path = DashboardView.swift; sourceTree = "<group>"; };
		804F1FBF2E2EF3E500F6B350 /* DashboardViewModel.swift */ = {isa = PBXFileReference; lastKnownFileType = sourcecode.swift; path = DashboardViewModel.swift; sourceTree = "<group>"; };
		804F1FC22E2EF8C300F6B350 /* TransactionsViewModel.swift */ = {isa = PBXFileReference; lastKnownFileType = sourcecode.swift; path = TransactionsViewModel.swift; sourceTree = "<group>"; };
/* End PBXFileReference section */

/* Begin PBXFileSystemSynchronizedRootGroup section */
		804F1F492E2EE55A00F6B350 /* Reto_BBVA_PedroFTests */ = {
			isa = PBXFileSystemSynchronizedRootGroup;
			path = Reto_BBVA_PedroFTests;
			sourceTree = "<group>";
		};
		804F1F532E2EE55A00F6B350 /* Reto_BBVA_PedroFUITests */ = {
			isa = PBXFileSystemSynchronizedRootGroup;
			path = Reto_BBVA_PedroFUITests;
			sourceTree = "<group>";
		};
/* End PBXFileSystemSynchronizedRootGroup section */

/* Begin PBXFrameworksBuildPhase section */
		804F1F2D2E2EE55900F6B350 /* Frameworks */ = {
			isa = PBXFrameworksBuildPhase;
			buildActionMask = 2147483647;
			files = (
			);
			runOnlyForDeploymentPostprocessing = 0;
		};
		804F1F432E2EE55A00F6B350 /* Frameworks */ = {
			isa = PBXFrameworksBuildPhase;
			buildActionMask = 2147483647;
			files = (
			);
			runOnlyForDeploymentPostprocessing = 0;
		};
		804F1F4D2E2EE55A00F6B350 /* Frameworks */ = {
			isa = PBXFrameworksBuildPhase;
			buildActionMask = 2147483647;
			files = (
			);
			runOnlyForDeploymentPostprocessing = 0;
		};
/* End PBXFrameworksBuildPhase section */

/* Begin PBXGroup section */
		804F1F272E2EE55900F6B350 = {
			isa = PBXGroup;
			children = (
				804F1FA42E2EECFD00F6B350 /* Reto_BBVA_PedroF */,
				804F1F492E2EE55A00F6B350 /* Reto_BBVA_PedroFTests */,
				804F1F532E2EE55A00F6B350 /* Reto_BBVA_PedroFUITests */,
				804F1F312E2EE55900F6B350 /* Products */,
			);
			sourceTree = "<group>";
		};
		804F1F312E2EE55900F6B350 /* Products */ = {
			isa = PBXGroup;
			children = (
				804F1F302E2EE55900F6B350 /* Reto_BBVA_PedroF.app */,
				804F1F462E2EE55A00F6B350 /* Reto_BBVA_PedroFTests.xctest */,
				804F1F502E2EE55A00F6B350 /* Reto_BBVA_PedroFUITests.xctest */,
			);
			name = Products;
			sourceTree = "<group>";
		};
		804F1F982E2EECFD00F6B350 /* Domain */ = {
			isa = PBXGroup;
			children = (
				804F1FB52E2EED3A00F6B350 /* Entities */,
			);
			path = Domain;
			sourceTree = "<group>";
		};
		804F1F992E2EECFD00F6B350 /* Presentation */ = {
			isa = PBXGroup;
			children = (
				804F1FC42E2EF8D200F6B350 /* Dashboard */,
				804F1FC12E2EF8B800F6B350 /* Transactions */,
				804F1FBB2E2EEE0600F6B350 /* TransactionCell.swift */,
			);
			path = Presentation;
			sourceTree = "<group>";
		};
		804F1FA42E2EECFD00F6B350 /* Reto_BBVA_PedroF */ = {
			isa = PBXGroup;
			children = (
				804F1F992E2EECFD00F6B350 /* Presentation */,
				804F1F982E2EECFD00F6B350 /* Domain */,
				804F1F9A2E2EECFD00F6B350 /* AppDelegate.swift */,
				804F1F9B2E2EECFD00F6B350 /* Assets.xcassets */,
				804F1F9C2E2EECFD00F6B350 /* Info.plist */,
				804F1F9E2E2EECFD00F6B350 /* LaunchScreen.storyboard */,
				804F1FA02E2EECFD00F6B350 /* Main.storyboard */,
				804F1FA12E2EECFD00F6B350 /* SceneDelegate.swift */,
				804F1FA32E2EECFD00F6B350 /* ViewController.swift */,
			);
			path = Reto_BBVA_PedroF;
			sourceTree = "<group>";
		};
		804F1FB52E2EED3A00F6B350 /* Entities */ = {
			isa = PBXGroup;
			children = (
				804F1FB62E2EED4400F6B350 /* Models */,
			);
			path = Entities;
			sourceTree = "<group>";
		};
		804F1FB62E2EED4400F6B350 /* Models */ = {
			isa = PBXGroup;
			children = (
				804F1FAD2E2EED1000F6B350 /* Transaction.swift */,
				804F1FB92E2EED9300F6B350 /* Record.swift */,
				804F1FB72E2EED8000F6B350 /* TransactionResponse.swift */,
			);
			path = Models;
			sourceTree = "<group>";
		};
		804F1FC12E2EF8B800F6B350 /* Transactions */ = {
			isa = PBXGroup;
			children = (
				804F1FA22E2EECFD00F6B350 /* TransactionsView.swift */,
				804F1FC22E2EF8C300F6B350 /* TransactionsViewModel.swift */,
			);
			path = Transactions;
			sourceTree = "<group>";
		};
		804F1FC42E2EF8D200F6B350 /* Dashboard */ = {
			isa = PBXGroup;
			children = (
				804F1FBD2E2EF3D100F6B350 /* DashboardView.swift */,
				804F1FBF2E2EF3E500F6B350 /* DashboardViewModel.swift */,
			);
			path = Dashboard;
			sourceTree = "<group>";
		};
/* End PBXGroup section */

/* Begin PBXNativeTarget section */
		804F1F2F2E2EE55900F6B350 /* Reto_BBVA_PedroF */ = {
			isa = PBXNativeTarget;
			buildConfigurationList = 804F1F592E2EE55A00F6B350 /* Build configuration list for PBXNativeTarget "Reto_BBVA_PedroF" */;
			buildPhases = (
				804F1F2C2E2EE55900F6B350 /* Sources */,
				804F1F2D2E2EE55900F6B350 /* Frameworks */,
				804F1F2E2E2EE55900F6B350 /* Resources */,
			);
			buildRules = (
			);
			dependencies = (
			);
			name = Reto_BBVA_PedroF;
			packageProductDependencies = (
			);
			productName = Reto_BBVA_PedroF;
			productReference = 804F1F302E2EE55900F6B350 /* Reto_BBVA_PedroF.app */;
			productType = "com.apple.product-type.application";
		};
		804F1F452E2EE55A00F6B350 /* Reto_BBVA_PedroFTests */ = {
			isa = PBXNativeTarget;
			buildConfigurationList = 804F1F5E2E2EE55A00F6B350 /* Build configuration list for PBXNativeTarget "Reto_BBVA_PedroFTests" */;
			buildPhases = (
				804F1F422E2EE55A00F6B350 /* Sources */,
				804F1F432E2EE55A00F6B350 /* Frameworks */,
				804F1F442E2EE55A00F6B350 /* Resources */,
			);
			buildRules = (
			);
			dependencies = (
				804F1F482E2EE55A00F6B350 /* PBXTargetDependency */,
			);
			fileSystemSynchronizedGroups = (
				804F1F492E2EE55A00F6B350 /* Reto_BBVA_PedroFTests */,
			);
			name = Reto_BBVA_PedroFTests;
			packageProductDependencies = (
			);
			productName = Reto_BBVA_PedroFTests;
			productReference = 804F1F462E2EE55A00F6B350 /* Reto_BBVA_PedroFTests.xctest */;
			productType = "com.apple.product-type.bundle.unit-test";
		};
		804F1F4F2E2EE55A00F6B350 /* Reto_BBVA_PedroFUITests */ = {
			isa = PBXNativeTarget;
			buildConfigurationList = 804F1F612E2EE55A00F6B350 /* Build configuration list for PBXNativeTarget "Reto_BBVA_PedroFUITests" */;
			buildPhases = (
				804F1F4C2E2EE55A00F6B350 /* Sources */,
				804F1F4D2E2EE55A00F6B350 /* Frameworks */,
				804F1F4E2E2EE55A00F6B350 /* Resources */,
			);
			buildRules = (
			);
			dependencies = (
				804F1F522E2EE55A00F6B350 /* PBXTargetDependency */,
			);
			fileSystemSynchronizedGroups = (
				804F1F532E2EE55A00F6B350 /* Reto_BBVA_PedroFUITests */,
			);
			name = Reto_BBVA_PedroFUITests;
			packageProductDependencies = (
			);
			productName = Reto_BBVA_PedroFUITests;
			productReference = 804F1F502E2EE55A00F6B350 /* Reto_BBVA_PedroFUITests.xctest */;
			productType = "com.apple.product-type.bundle.ui-testing";
		};
/* End PBXNativeTarget section */

/* Begin PBXProject section */
		804F1F282E2EE55900F6B350 /* Project object */ = {
			isa = PBXProject;
			attributes = {
				BuildIndependentTargetsInParallel = 1;
				LastSwiftUpdateCheck = 1640;
				LastUpgradeCheck = 1640;
				TargetAttributes = {
					804F1F2F2E2EE55900F6B350 = {
						CreatedOnToolsVersion = 16.4;
					};
					804F1F452E2EE55A00F6B350 = {
						CreatedOnToolsVersion = 16.4;
						TestTargetID = 804F1F2F2E2EE55900F6B350;
					};
					804F1F4F2E2EE55A00F6B350 = {
						CreatedOnToolsVersion = 16.4;
						TestTargetID = 804F1F2F2E2EE55900F6B350;
					};
				};
			};
			buildConfigurationList = 804F1F2B2E2EE55900F6B350 /* Build configuration list for PBXProject "Reto_BBVA_PedroF" */;
			developmentRegion = en;
			hasScannedForEncodings = 0;
			knownRegions = (
				en,
				Base,
			);
			mainGroup = 804F1F272E2EE55900F6B350;
			minimizedProjectReferenceProxies = 1;
			preferredProjectObjectVersion = 77;
			productRefGroup = 804F1F312E2EE55900F6B350 /* Products */;
			projectDirPath = "";
			projectRoot = "";
			targets = (
				804F1F2F2E2EE55900F6B350 /* Reto_BBVA_PedroF */,
				804F1F452E2EE55A00F6B350 /* Reto_BBVA_PedroFTests */,
				804F1F4F2E2EE55A00F6B350 /* Reto_BBVA_PedroFUITests */,
			);
		};
/* End PBXProject section */

/* Begin PBXResourcesBuildPhase section */
		804F1F2E2E2EE55900F6B350 /* Resources */ = {
			isa = PBXResourcesBuildPhase;
			buildActionMask = 2147483647;
			files = (
				804F1FA92E2EECFD00F6B350 /* Assets.xcassets in Resources */,
				804F1FAB2E2EECFD00F6B350 /* LaunchScreen.storyboard in Resources */,
				804F1FAC2E2EECFD00F6B350 /* Main.storyboard in Resources */,
			);
			runOnlyForDeploymentPostprocessing = 0;
		};
		804F1F442E2EE55A00F6B350 /* Resources */ = {
			isa = PBXResourcesBuildPhase;
			buildActionMask = 2147483647;
			files = (
			);
			runOnlyForDeploymentPostprocessing = 0;
		};
		804F1F4E2E2EE55A00F6B350 /* Resources */ = {
			isa = PBXResourcesBuildPhase;
			buildActionMask = 2147483647;
			files = (
			);
			runOnlyForDeploymentPostprocessing = 0;
		};
/* End PBXResourcesBuildPhase section */

/* Begin PBXSourcesBuildPhase section */
		804F1F2C2E2EE55900F6B350 /* Sources */ = {
			isa = PBXSourcesBuildPhase;
			buildActionMask = 2147483647;
			files = (
				804F1FA52E2EECFD00F6B350 /* AppDelegate.swift in Sources */,
				804F1FC02E2EF3E900F6B350 /* DashboardViewModel.swift in Sources */,
				804F1FA62E2EECFD00F6B350 /* SceneDelegate.swift in Sources */,
				804F1FA72E2EECFD00F6B350 /* TransactionsView.swift in Sources */,
				804F1FB82E2EED8D00F6B350 /* TransactionResponse.swift in Sources */,
				804F1FBE2E2EF3D600F6B350 /* DashboardView.swift in Sources */,
				804F1FC32E2EF8C800F6B350 /* TransactionsViewModel.swift in Sources */,
				804F1FBA2E2EED9600F6B350 /* Record.swift in Sources */,
				804F1FA82E2EECFD00F6B350 /* ViewController.swift in Sources */,
				804F1FBC2E2EEE0E00F6B350 /* TransactionCell.swift in Sources */,
				804F1FAE2E2EED1B00F6B350 /* Transaction.swift in Sources */,
			);
			runOnlyForDeploymentPostprocessing = 0;
		};
		804F1F422E2EE55A00F6B350 /* Sources */ = {
			isa = PBXSourcesBuildPhase;
			buildActionMask = 2147483647;
			files = (
			);
			runOnlyForDeploymentPostprocessing = 0;
		};
		804F1F4C2E2EE55A00F6B350 /* Sources */ = {
			isa = PBXSourcesBuildPhase;
			buildActionMask = 2147483647;
			files = (
			);
			runOnlyForDeploymentPostprocessing = 0;
		};
/* End PBXSourcesBuildPhase section */

/* Begin PBXTargetDependency section */
		804F1F482E2EE55A00F6B350 /* PBXTargetDependency */ = {
			isa = PBXTargetDependency;
			target = 804F1F2F2E2EE55900F6B350 /* Reto_BBVA_PedroF */;
			targetProxy = 804F1F472E2EE55A00F6B350 /* PBXContainerItemProxy */;
		};
		804F1F522E2EE55A00F6B350 /* PBXTargetDependency */ = {
			isa = PBXTargetDependency;
			target = 804F1F2F2E2EE55900F6B350 /* Reto_BBVA_PedroF */;
			targetProxy = 804F1F512E2EE55A00F6B350 /* PBXContainerItemProxy */;
		};
/* End PBXTargetDependency section */

/* Begin PBXVariantGroup section */
		804F1F9E2E2EECFD00F6B350 /* LaunchScreen.storyboard */ = {
			isa = PBXVariantGroup;
			children = (
				804F1F9D2E2EECFD00F6B350 /* Base */,
			);
			name = LaunchScreen.storyboard;
			sourceTree = "<group>";
		};
		804F1FA02E2EECFD00F6B350 /* Main.storyboard */ = {
			isa = PBXVariantGroup;
			children = (
				804F1F9F2E2EECFD00F6B350 /* Base */,
			);
			name = Main.storyboard;
			sourceTree = "<group>";
		};
/* End PBXVariantGroup section */

/* Begin XCBuildConfiguration section */
		804F1F5A2E2EE55A00F6B350 /* Debug */ = {
			isa = XCBuildConfiguration;
			buildSettings = {
				ASSETCATALOG_COMPILER_APPICON_NAME = AppIcon;
				ASSETCATALOG_COMPILER_GLOBAL_ACCENT_COLOR_NAME = AccentColor;
				CODE_SIGN_STYLE = Automatic;
				CURRENT_PROJECT_VERSION = 1;
				DEVELOPMENT_TEAM = PQ6M67LP4Y;
				GENERATE_INFOPLIST_FILE = YES;
				INFOPLIST_FILE = Reto_BBVA_PedroF/Info.plist;
				INFOPLIST_KEY_UIApplicationSupportsIndirectInputEvents = YES;
				INFOPLIST_KEY_UILaunchStoryboardName = LaunchScreen;
				INFOPLIST_KEY_UIMainStoryboardFile = Main;
				INFOPLIST_KEY_UISupportedInterfaceOrientations_iPad = "UIInterfaceOrientationPortrait UIInterfaceOrientationPortraitUpsideDown UIInterfaceOrientationLandscapeLeft UIInterfaceOrientationLandscapeRight";
				INFOPLIST_KEY_UISupportedInterfaceOrientations_iPhone = "UIInterfaceOrientationPortrait UIInterfaceOrientationLandscapeLeft UIInterfaceOrientationLandscapeRight";
				LD_RUNPATH_SEARCH_PATHS = (
					"$(inherited)",
					"@executable_path/Frameworks",
				);
				MARKETING_VERSION = 1.0;
				PRODUCT_BUNDLE_IDENTIFIER = "Pedro-Ferreira.Reto-BBVA-PedroF";
				PRODUCT_NAME = "$(TARGET_NAME)";
				SWIFT_EMIT_LOC_STRINGS = YES;
				SWIFT_VERSION = 5.0;
				TARGETED_DEVICE_FAMILY = "1,2";
			};
			name = Debug;
		};
		804F1F5B2E2EE55A00F6B350 /* Release */ = {
			isa = XCBuildConfiguration;
			buildSettings = {
				ASSETCATALOG_COMPILER_APPICON_NAME = AppIcon;
				ASSETCATALOG_COMPILER_GLOBAL_ACCENT_COLOR_NAME = AccentColor;
				CODE_SIGN_STYLE = Automatic;
				CURRENT_PROJECT_VERSION = 1;
				DEVELOPMENT_TEAM = PQ6M67LP4Y;
				GENERATE_INFOPLIST_FILE = YES;
				INFOPLIST_FILE = Reto_BBVA_PedroF/Info.plist;
				INFOPLIST_KEY_UIApplicationSupportsIndirectInputEvents = YES;
				INFOPLIST_KEY_UILaunchStoryboardName = LaunchScreen;
				INFOPLIST_KEY_UIMainStoryboardFile = Main;
				INFOPLIST_KEY_UISupportedInterfaceOrientations_iPad = "UIInterfaceOrientationPortrait UIInterfaceOrientationPortraitUpsideDown UIInterfaceOrientationLandscapeLeft UIInterfaceOrientationLandscapeRight";
				INFOPLIST_KEY_UISupportedInterfaceOrientations_iPhone = "UIInterfaceOrientationPortrait UIInterfaceOrientationLandscapeLeft UIInterfaceOrientationLandscapeRight";
				LD_RUNPATH_SEARCH_PATHS = (
					"$(inherited)",
					"@executable_path/Frameworks",
				);
				MARKETING_VERSION = 1.0;
				PRODUCT_BUNDLE_IDENTIFIER = "Pedro-Ferreira.Reto-BBVA-PedroF";
				PRODUCT_NAME = "$(TARGET_NAME)";
				SWIFT_EMIT_LOC_STRINGS = YES;
				SWIFT_VERSION = 5.0;
				TARGETED_DEVICE_FAMILY = "1,2";
			};
			name = Release;
		};
		804F1F5C2E2EE55A00F6B350 /* Debug */ = {
			isa = XCBuildConfiguration;
			buildSettings = {
				ALWAYS_SEARCH_USER_PATHS = NO;
				ASSETCATALOG_COMPILER_GENERATE_SWIFT_ASSET_SYMBOL_EXTENSIONS = YES;
				CLANG_ANALYZER_NONNULL = YES;
				CLANG_ANALYZER_NUMBER_OBJECT_CONVERSION = YES_AGGRESSIVE;
				CLANG_CXX_LANGUAGE_STANDARD = "gnu++20";
				CLANG_ENABLE_MODULES = YES;
				CLANG_ENABLE_OBJC_ARC = YES;
				CLANG_ENABLE_OBJC_WEAK = YES;
				CLANG_WARN_BLOCK_CAPTURE_AUTORELEASING = YES;
				CLANG_WARN_BOOL_CONVERSION = YES;
				CLANG_WARN_COMMA = YES;
				CLANG_WARN_CONSTANT_CONVERSION = YES;
				CLANG_WARN_DEPRECATED_OBJC_IMPLEMENTATIONS = YES;
				CLANG_WARN_DIRECT_OBJC_ISA_USAGE = YES_ERROR;
				CLANG_WARN_DOCUMENTATION_COMMENTS = YES;
				CLANG_WARN_EMPTY_BODY = YES;
				CLANG_WARN_ENUM_CONVERSION = YES;
				CLANG_WARN_INFINITE_RECURSION = YES;
				CLANG_WARN_INT_CONVERSION = YES;
				CLANG_WARN_NON_LITERAL_NULL_CONVERSION = YES;
				CLANG_WARN_OBJC_IMPLICIT_RETAIN_SELF = YES;
				CLANG_WARN_OBJC_LITERAL_CONVERSION = YES;
				CLANG_WARN_OBJC_ROOT_CLASS = YES_ERROR;
				CLANG_WARN_QUOTED_INCLUDE_IN_FRAMEWORK_HEADER = YES;
				CLANG_WARN_RANGE_LOOP_ANALYSIS = YES;
				CLANG_WARN_STRICT_PROTOTYPES = YES;
				CLANG_WARN_SUSPICIOUS_MOVE = YES;
				CLANG_WARN_UNGUARDED_AVAILABILITY = YES_AGGRESSIVE;
				CLANG_WARN_UNREACHABLE_CODE = YES;
				CLANG_WARN__DUPLICATE_METHOD_MATCH = YES;
				COPY_PHASE_STRIP = NO;
				DEBUG_INFORMATION_FORMAT = dwarf;
				DEVELOPMENT_TEAM = PQ6M67LP4Y;
				ENABLE_STRICT_OBJC_MSGSEND = YES;
				ENABLE_TESTABILITY = YES;
				ENABLE_USER_SCRIPT_SANDBOXING = YES;
				GCC_C_LANGUAGE_STANDARD = gnu17;
				GCC_DYNAMIC_NO_PIC = NO;
				GCC_NO_COMMON_BLOCKS = YES;
				GCC_OPTIMIZATION_LEVEL = 0;
				GCC_PREPROCESSOR_DEFINITIONS = (
					"DEBUG=1",
					"$(inherited)",
				);
				GCC_WARN_64_TO_32_BIT_CONVERSION = YES;
				GCC_WARN_ABOUT_RETURN_TYPE = YES_ERROR;
				GCC_WARN_UNDECLARED_SELECTOR = YES;
				GCC_WARN_UNINITIALIZED_AUTOS = YES_AGGRESSIVE;
				GCC_WARN_UNUSED_FUNCTION = YES;
				GCC_WARN_UNUSED_VARIABLE = YES;
				IPHONEOS_DEPLOYMENT_TARGET = 18.5;
				LOCALIZATION_PREFERS_STRING_CATALOGS = YES;
				MTL_ENABLE_DEBUG_INFO = INCLUDE_SOURCE;
				MTL_FAST_MATH = YES;
				ONLY_ACTIVE_ARCH = YES;
				SDKROOT = iphoneos;
				SWIFT_ACTIVE_COMPILATION_CONDITIONS = "DEBUG $(inherited)";
				SWIFT_OPTIMIZATION_LEVEL = "-Onone";
			};
			name = Debug;
		};
		804F1F5D2E2EE55A00F6B350 /* Release */ = {
			isa = XCBuildConfiguration;
			buildSettings = {
				ALWAYS_SEARCH_USER_PATHS = NO;
				ASSETCATALOG_COMPILER_GENERATE_SWIFT_ASSET_SYMBOL_EXTENSIONS = YES;
				CLANG_ANALYZER_NONNULL = YES;
				CLANG_ANALYZER_NUMBER_OBJECT_CONVERSION = YES_AGGRESSIVE;
				CLANG_CXX_LANGUAGE_STANDARD = "gnu++20";
				CLANG_ENABLE_MODULES = YES;
				CLANG_ENABLE_OBJC_ARC = YES;
				CLANG_ENABLE_OBJC_WEAK = YES;
				CLANG_WARN_BLOCK_CAPTURE_AUTORELEASING = YES;
				CLANG_WARN_BOOL_CONVERSION = YES;
				CLANG_WARN_COMMA = YES;
				CLANG_WARN_CONSTANT_CONVERSION = YES;
				CLANG_WARN_DEPRECATED_OBJC_IMPLEMENTATIONS = YES;
				CLANG_WARN_DIRECT_OBJC_ISA_USAGE = YES_ERROR;
				CLANG_WARN_DOCUMENTATION_COMMENTS = YES;
				CLANG_WARN_EMPTY_BODY = YES;
				CLANG_WARN_ENUM_CONVERSION = YES;
				CLANG_WARN_INFINITE_RECURSION = YES;
				CLANG_WARN_INT_CONVERSION = YES;
				CLANG_WARN_NON_LITERAL_NULL_CONVERSION = YES;
				CLANG_WARN_OBJC_IMPLICIT_RETAIN_SELF = YES;
				CLANG_WARN_OBJC_LITERAL_CONVERSION = YES;
				CLANG_WARN_OBJC_ROOT_CLASS = YES_ERROR;
				CLANG_WARN_QUOTED_INCLUDE_IN_FRAMEWORK_HEADER = YES;
				CLANG_WARN_RANGE_LOOP_ANALYSIS = YES;
				CLANG_WARN_STRICT_PROTOTYPES = YES;
				CLANG_WARN_SUSPICIOUS_MOVE = YES;
				CLANG_WARN_UNGUARDED_AVAILABILITY = YES_AGGRESSIVE;
				CLANG_WARN_UNREACHABLE_CODE = YES;
				CLANG_WARN__DUPLICATE_METHOD_MATCH = YES;
				COPY_PHASE_STRIP = NO;
				DEBUG_INFORMATION_FORMAT = "dwarf-with-dsym";
				DEVELOPMENT_TEAM = PQ6M67LP4Y;
				ENABLE_NS_ASSERTIONS = NO;
				ENABLE_STRICT_OBJC_MSGSEND = YES;
				ENABLE_USER_SCRIPT_SANDBOXING = YES;
				GCC_C_LANGUAGE_STANDARD = gnu17;
				GCC_NO_COMMON_BLOCKS = YES;
				GCC_WARN_64_TO_32_BIT_CONVERSION = YES;
				GCC_WARN_ABOUT_RETURN_TYPE = YES_ERROR;
				GCC_WARN_UNDECLARED_SELECTOR = YES;
				GCC_WARN_UNINITIALIZED_AUTOS = YES_AGGRESSIVE;
				GCC_WARN_UNUSED_FUNCTION = YES;
				GCC_WARN_UNUSED_VARIABLE = YES;
				IPHONEOS_DEPLOYMENT_TARGET = 18.5;
				LOCALIZATION_PREFERS_STRING_CATALOGS = YES;
				MTL_ENABLE_DEBUG_INFO = NO;
				MTL_FAST_MATH = YES;
				SDKROOT = iphoneos;
				SWIFT_COMPILATION_MODE = wholemodule;
				VALIDATE_PRODUCT = YES;
			};
			name = Release;
		};
		804F1F5F2E2EE55A00F6B350 /* Debug */ = {
			isa = XCBuildConfiguration;
			buildSettings = {
				BUNDLE_LOADER = "$(TEST_HOST)";
				CODE_SIGN_STYLE = Automatic;
				CURRENT_PROJECT_VERSION = 1;
				DEVELOPMENT_TEAM = PQ6M67LP4Y;
				GENERATE_INFOPLIST_FILE = YES;
				IPHONEOS_DEPLOYMENT_TARGET = 18.5;
				MARKETING_VERSION = 1.0;
				PRODUCT_BUNDLE_IDENTIFIER = "Pedro-Ferreira.Reto-BBVA-PedroFTests";
				PRODUCT_NAME = "$(TARGET_NAME)";
				SWIFT_EMIT_LOC_STRINGS = NO;
				SWIFT_VERSION = 5.0;
				TARGETED_DEVICE_FAMILY = "1,2";
				TEST_HOST = "$(BUILT_PRODUCTS_DIR)/Reto_BBVA_PedroF.app/$(BUNDLE_EXECUTABLE_FOLDER_PATH)/Reto_BBVA_PedroF";
			};
			name = Debug;
		};
		804F1F602E2EE55A00F6B350 /* Release */ = {
			isa = XCBuildConfiguration;
			buildSettings = {
				BUNDLE_LOADER = "$(TEST_HOST)";
				CODE_SIGN_STYLE = Automatic;
				CURRENT_PROJECT_VERSION = 1;
				DEVELOPMENT_TEAM = PQ6M67LP4Y;
				GENERATE_INFOPLIST_FILE = YES;
				IPHONEOS_DEPLOYMENT_TARGET = 18.5;
				MARKETING_VERSION = 1.0;
				PRODUCT_BUNDLE_IDENTIFIER = "Pedro-Ferreira.Reto-BBVA-PedroFTests";
				PRODUCT_NAME = "$(TARGET_NAME)";
				SWIFT_EMIT_LOC_STRINGS = NO;
				SWIFT_VERSION = 5.0;
				TARGETED_DEVICE_FAMILY = "1,2";
				TEST_HOST = "$(BUILT_PRODUCTS_DIR)/Reto_BBVA_PedroF.app/$(BUNDLE_EXECUTABLE_FOLDER_PATH)/Reto_BBVA_PedroF";
			};
			name = Release;
		};
		804F1F622E2EE55A00F6B350 /* Debug */ = {
			isa = XCBuildConfiguration;
			buildSettings = {
				CODE_SIGN_STYLE = Automatic;
				CURRENT_PROJECT_VERSION = 1;
				DEVELOPMENT_TEAM = PQ6M67LP4Y;
				GENERATE_INFOPLIST_FILE = YES;
				MARKETING_VERSION = 1.0;
				PRODUCT_BUNDLE_IDENTIFIER = "Pedro-Ferreira.Reto-BBVA-PedroFUITests";
				PRODUCT_NAME = "$(TARGET_NAME)";
				SWIFT_EMIT_LOC_STRINGS = NO;
				SWIFT_VERSION = 5.0;
				TARGETED_DEVICE_FAMILY = "1,2";
				TEST_TARGET_NAME = Reto_BBVA_PedroF;
			};
			name = Debug;
		};
		804F1F632E2EE55A00F6B350 /* Release */ = {
			isa = XCBuildConfiguration;
			buildSettings = {
				CODE_SIGN_STYLE = Automatic;
				CURRENT_PROJECT_VERSION = 1;
				DEVELOPMENT_TEAM = PQ6M67LP4Y;
				GENERATE_INFOPLIST_FILE = YES;
				MARKETING_VERSION = 1.0;
				PRODUCT_BUNDLE_IDENTIFIER = "Pedro-Ferreira.Reto-BBVA-PedroFUITests";
				PRODUCT_NAME = "$(TARGET_NAME)";
				SWIFT_EMIT_LOC_STRINGS = NO;
				SWIFT_VERSION = 5.0;
				TARGETED_DEVICE_FAMILY = "1,2";
				TEST_TARGET_NAME = Reto_BBVA_PedroF;
			};
			name = Release;
		};
/* End XCBuildConfiguration section */

/* Begin XCConfigurationList section */
		804F1F2B2E2EE55900F6B350 /* Build configuration list for PBXProject "Reto_BBVA_PedroF" */ = {
			isa = XCConfigurationList;
			buildConfigurations = (
				804F1F5C2E2EE55A00F6B350 /* Debug */,
				804F1F5D2E2EE55A00F6B350 /* Release */,
			);
			defaultConfigurationIsVisible = 0;
			defaultConfigurationName = Release;
		};
		804F1F592E2EE55A00F6B350 /* Build configuration list for PBXNativeTarget "Reto_BBVA_PedroF" */ = {
			isa = XCConfigurationList;
			buildConfigurations = (
				804F1F5A2E2EE55A00F6B350 /* Debug */,
				804F1F5B2E2EE55A00F6B350 /* Release */,
			);
			defaultConfigurationIsVisible = 0;
			defaultConfigurationName = Release;
		};
		804F1F5E2E2EE55A00F6B350 /* Build configuration list for PBXNativeTarget "Reto_BBVA_PedroFTests" */ = {
			isa = XCConfigurationList;
			buildConfigurations = (
				804F1F5F2E2EE55A00F6B350 /* Debug */,
				804F1F602E2EE55A00F6B350 /* Release */,
			);
			defaultConfigurationIsVisible = 0;
			defaultConfigurationName = Release;
		};
		804F1F612E2EE55A00F6B350 /* Build configuration list for PBXNativeTarget "Reto_BBVA_PedroFUITests" */ = {
			isa = XCConfigurationList;
			buildConfigurations = (
				804F1F622E2EE55A00F6B350 /* Debug */,
				804F1F632E2EE55A00F6B350 /* Release */,
			);
			defaultConfigurationIsVisible = 0;
			defaultConfigurationName = Release;
		};
/* End XCConfigurationList section */
	};
	rootObject = 804F1F282E2EE55900F6B350 /* Project object */;
}
